{
  "name": "@sbjr-react-utils-components/modal",
  "version": "2.0.0",
  "lockfileVersion": 1,
  "requires": true,
  "dependencies": {
    "@sbjr-react-utils-components/icons": {
      "version": "3.0.1",
      "resolved": "https://registry.npmjs.org/@sbjr-react-utils-components/icons/-/icons-3.0.1.tgz",
      "integrity": "sha512-/+v37UFPtyb7UjzFg/MYtAFd7uANavmy2FYF+Qvr8fLl29g6eVHZDekMBUiKQe3cOQ7LdEVUhvtPuPss5wkuKQ==",
      "dev": true
    }
  }
}
